
Microsoft Visual Studio Solution File, Format Version 12.00
# Visual Studio Version 17
VisualStudioVersion = 17.3.32811.315
MinimumVisualStudioVersion = 10.0.40219.1
Project("{9A19103F-16F7-4668-BE54-9A1E7A4F7556}") = "Probamos", "Probamos\Probamos.csproj", "{1626EEE5-9F8F-4700-A4D9-FA18A4B7A057}"
EndProject
Global
	GlobalSection(SolutionConfigurationPlatforms) = preSolution
		Debug|Any CPU = Debug|Any CPU
		Release|Any CPU = Release|Any CPU
	EndGlobalSection
	GlobalSection(ProjectConfigurationPlatforms) = postSolution
		{1626EEE5-9F8F-4700-A4D9-FA18A4B7A057}.Debug|Any CPU.ActiveCfg = Debug|Any CPU
		{1626EEE5-9F8F-4700-A4D9-FA18A4B7A057}.Debug|Any CPU.Build.0 = Debug|Any CPU
		{1626EEE5-9F8F-4700-A4D9-FA18A4B7A057}.Release|Any CPU.ActiveCfg = Release|Any CPU
		{1626EEE5-9F8F-4700-A4D9-FA18A4B7A057}.Release|Any CPU.Build.0 = Release|Any CPU
	EndGlobalSection
	GlobalSection(SolutionProperties) = preSolution
		HideSolutionNode = FALSE
	EndGlobalSection
	GlobalSection(ExtensibilityGlobals) = postSolution
		SolutionGuid = {B3C41F06-0B7D-457C-8497-44BF1727D328}
	EndGlobalSection
EndGlobal
